
Microsoft Visual Studio Solution File, Format Version 12.00
# Visual Studio Version 16
VisualStudioVersion = 16.0.29201.188
MinimumVisualStudioVersion = 10.0.40219.1
Project("{FAE04EC0-301F-11D3-BF4B-00C04F79EFBC}") = "Limiar", "Limiar\Limiar.csproj", "{0F387564-4183-4825-97A2-45F80427EEE5}"
EndProject
Global
	GlobalSection(SolutionConfigurationPlatforms) = preSolution
		Debug|Any CPU = Debug|Any CPU
		Release|Any CPU = Release|Any CPU
	EndGlobalSection
	GlobalSection(ProjectConfigurationPlatforms) = postSolution
		{0F387564-4183-4825-97A2-45F80427EEE5}.Debug|Any CPU.ActiveCfg = Debug|Any CPU
		{0F387564-4183-4825-97A2-45F80427EEE5}.Debug|Any CPU.Build.0 = Debug|Any CPU
		{0F387564-4183-4825-97A2-45F80427EEE5}.Release|Any CPU.ActiveCfg = Release|Any CPU
		{0F387564-4183-4825-97A2-45F80427EEE5}.Release|Any CPU.Build.0 = Release|Any CPU
	EndGlobalSection
	GlobalSection(SolutionProperties) = preSolution
		HideSolutionNode = FALSE
	EndGlobalSection
	GlobalSection(ExtensibilityGlobals) = postSolution
		SolutionGuid = {CAFC5A26-C768-499F-94F1-6F5E8EA50BA0}
	EndGlobalSection
EndGlobal
